
Microsoft Visual Studio Solution File, Format Version 12.00
# Visual Studio Version 16
VisualStudioVersion = 16.0.30413.136
MinimumVisualStudioVersion = 10.0.40219.1
Project("{FAE04EC0-301F-11D3-BF4B-00C04F79EFBC}") = "Designer", "Designer\Designer.csproj", "{F0FDBA2E-7A44-4F33-9EF5-DE19B49E0F0D}"
EndProject
Project("{FAE04EC0-301F-11D3-BF4B-00C04F79EFBC}") = "DesignerTest", "DesignerTest\DesignerTest.csproj", "{66DF2CA6-B4A0-4FB1-B67B-C3C460D0DCA5}"
EndProject
Project("{FAE04EC0-301F-11D3-BF4B-00C04F79EFBC}") = "Models", "Models\Models.csproj", "{C6EA9176-CEB1-4517-9BA7-4EBB2060CDDF}"
EndProject
Project("{FAE04EC0-301F-11D3-BF4B-00C04F79EFBC}") = "Repositories", "Repositories\Repositories.csproj", "{58B1DC0D-3D6D-4B8D-AF1E-3C72C3F93211}"
EndProject
Project("{FAE04EC0-301F-11D3-BF4B-00C04F79EFBC}") = "Services", "Services\Services.csproj", "{A1EDBBF9-C9B2-40D6-86C2-C61DD500A186}"
EndProject
Project("{2150E333-8FDC-42A3-9474-1A3956D46DE8}") = "Tests", "Tests", "{D9FF4D53-DBB7-41CB-8DFF-2867B388F760}"
EndProject
Project("{FAE04EC0-301F-11D3-BF4B-00C04F79EFBC}") = "ModelsTest", "ModelsTest\ModelsTest.csproj", "{D2EF3553-515E-426C-91A4-F4D9F89C40A2}"
EndProject
Project("{FAE04EC0-301F-11D3-BF4B-00C04F79EFBC}") = "RepositoriesTest", "RepositoriesTest\RepositoriesTest.csproj", "{A9293225-1894-4363-A4FC-FABB9CEF7390}"
EndProject
Project("{FAE04EC0-301F-11D3-BF4B-00C04F79EFBC}") = "ServicesTest", "ServicesTest\ServicesTest.csproj", "{7E2A1470-21B0-493C-B634-0F97FEB7ED33}"
EndProject
Global
	GlobalSection(SolutionConfigurationPlatforms) = preSolution
		Debug|Any CPU = Debug|Any CPU
		Release|Any CPU = Release|Any CPU
	EndGlobalSection
	GlobalSection(ProjectConfigurationPlatforms) = postSolution
		{F0FDBA2E-7A44-4F33-9EF5-DE19B49E0F0D}.Debug|Any CPU.ActiveCfg = Debug|Any CPU
		{F0FDBA2E-7A44-4F33-9EF5-DE19B49E0F0D}.Debug|Any CPU.Build.0 = Debug|Any CPU
		{F0FDBA2E-7A44-4F33-9EF5-DE19B49E0F0D}.Release|Any CPU.ActiveCfg = Release|Any CPU
		{F0FDBA2E-7A44-4F33-9EF5-DE19B49E0F0D}.Release|Any CPU.Build.0 = Release|Any CPU
		{66DF2CA6-B4A0-4FB1-B67B-C3C460D0DCA5}.Debug|Any CPU.ActiveCfg = Debug|Any CPU
		{66DF2CA6-B4A0-4FB1-B67B-C3C460D0DCA5}.Debug|Any CPU.Build.0 = Debug|Any CPU
		{66DF2CA6-B4A0-4FB1-B67B-C3C460D0DCA5}.Release|Any CPU.ActiveCfg = Release|Any CPU
		{66DF2CA6-B4A0-4FB1-B67B-C3C460D0DCA5}.Release|Any CPU.Build.0 = Release|Any CPU
		{C6EA9176-CEB1-4517-9BA7-4EBB2060CDDF}.Debug|Any CPU.ActiveCfg = Debug|Any CPU
		{C6EA9176-CEB1-4517-9BA7-4EBB2060CDDF}.Debug|Any CPU.Build.0 = Debug|Any CPU
		{C6EA9176-CEB1-4517-9BA7-4EBB2060CDDF}.Release|Any CPU.ActiveCfg = Release|Any CPU
		{C6EA9176-CEB1-4517-9BA7-4EBB2060CDDF}.Release|Any CPU.Build.0 = Release|Any CPU
		{58B1DC0D-3D6D-4B8D-AF1E-3C72C3F93211}.Debug|Any CPU.ActiveCfg = Debug|Any CPU
		{58B1DC0D-3D6D-4B8D-AF1E-3C72C3F93211}.Debug|Any CPU.Build.0 = Debug|Any CPU
		{58B1DC0D-3D6D-4B8D-AF1E-3C72C3F93211}.Release|Any CPU.ActiveCfg = Release|Any CPU
		{58B1DC0D-3D6D-4B8D-AF1E-3C72C3F93211}.Release|Any CPU.Build.0 = Release|Any CPU
		{A1EDBBF9-C9B2-40D6-86C2-C61DD500A186}.Debug|Any CPU.ActiveCfg = Debug|Any CPU
		{A1EDBBF9-C9B2-40D6-86C2-C61DD500A186}.Debug|Any CPU.Build.0 = Debug|Any CPU
		{A1EDBBF9-C9B2-40D6-86C2-C61DD500A186}.Release|Any CPU.ActiveCfg = Release|Any CPU
		{A1EDBBF9-C9B2-40D6-86C2-C61DD500A186}.Release|Any CPU.Build.0 = Release|Any CPU
		{D2EF3553-515E-426C-91A4-F4D9F89C40A2}.Debug|Any CPU.ActiveCfg = Debug|Any CPU
		{D2EF3553-515E-426C-91A4-F4D9F89C40A2}.Debug|Any CPU.Build.0 = Debug|Any CPU
		{D2EF3553-515E-426C-91A4-F4D9F89C40A2}.Release|Any CPU.ActiveCfg = Release|Any CPU
		{D2EF3553-515E-426C-91A4-F4D9F89C40A2}.Release|Any CPU.Build.0 = Release|Any CPU
		{A9293225-1894-4363-A4FC-FABB9CEF7390}.Debug|Any CPU.ActiveCfg = Debug|Any CPU
		{A9293225-1894-4363-A4FC-FABB9CEF7390}.Debug|Any CPU.Build.0 = Debug|Any CPU
		{A9293225-1894-4363-A4FC-FABB9CEF7390}.Release|Any CPU.ActiveCfg = Release|Any CPU
		{A9293225-1894-4363-A4FC-FABB9CEF7390}.Release|Any CPU.Build.0 = Release|Any CPU
		{7E2A1470-21B0-493C-B634-0F97FEB7ED33}.Debug|Any CPU.ActiveCfg = Debug|Any CPU
		{7E2A1470-21B0-493C-B634-0F97FEB7ED33}.Debug|Any CPU.Build.0 = Debug|Any CPU
		{7E2A1470-21B0-493C-B634-0F97FEB7ED33}.Release|Any CPU.ActiveCfg = Release|Any CPU
		{7E2A1470-21B0-493C-B634-0F97FEB7ED33}.Release|Any CPU.Build.0 = Release|Any CPU
	EndGlobalSection
	GlobalSection(SolutionProperties) = preSolution
		HideSolutionNode = FALSE
	EndGlobalSection
	GlobalSection(ExtensibilityGlobals) = postSolution
		SolutionGuid = {971685B9-7802-4AF4-9A13-537A1F981CE3}
	EndGlobalSection
	GlobalSection(NestedProjects) = preSolution
		{66DF2CA6-B4A0-4FB1-B67B-C3C460D0DCA5} = {D9FF4D53-DBB7-41CB-8DFF-2867B388F760}
		{D2EF3553-515E-426C-91A4-F4D9F89C40A2} = {D9FF4D53-DBB7-41CB-8DFF-2867B388F760}
		{A9293225-1894-4363-A4FC-FABB9CEF7390} = {D9FF4D53-DBB7-41CB-8DFF-2867B388F760}
		{7E2A1470-21B0-493C-B634-0F97FEB7ED33} = {D9FF4D53-DBB7-41CB-8DFF-2867B388F760}
	EndGlobalSection
EndGlobal
